
Microsoft Visual Studio Solution File, Format Version 12.00
# Visual Studio 15
VisualStudioVersion = 15.0.26730.10
MinimumVisualStudioVersion = 10.0.40219.1
Project("{8BC9CEB8-8B4A-11D0-8D11-00A0C91BC942}") = "450test", "450test\450test.vcxproj", "{3CE4FF83-F43A-47A3-8803-2FDA0B3E2055}"
EndProject
Global
	GlobalSection(SolutionConfigurationPlatforms) = preSolution
		Debug|x64 = Debug|x64
		Debug|x86 = Debug|x86
		Release|x64 = Release|x64
		Release|x86 = Release|x86
	EndGlobalSection
	GlobalSection(ProjectConfigurationPlatforms) = postSolution
		{3CE4FF83-F43A-47A3-8803-2FDA0B3E2055}.Debug|x64.ActiveCfg = Debug|x64
		{3CE4FF83-F43A-47A3-8803-2FDA0B3E2055}.Debug|x64.Build.0 = Debug|x64
		{3CE4FF83-F43A-47A3-8803-2FDA0B3E2055}.Debug|x86.ActiveCfg = Debug|Win32
		{3CE4FF83-F43A-47A3-8803-2FDA0B3E2055}.Debug|x86.Build.0 = Debug|Win32
		{3CE4FF83-F43A-47A3-8803-2FDA0B3E2055}.Release|x64.ActiveCfg = Release|x64
		{3CE4FF83-F43A-47A3-8803-2FDA0B3E2055}.Release|x64.Build.0 = Release|x64
		{3CE4FF83-F43A-47A3-8803-2FDA0B3E2055}.Release|x86.ActiveCfg = Release|Win32
		{3CE4FF83-F43A-47A3-8803-2FDA0B3E2055}.Release|x86.Build.0 = Release|Win32
	EndGlobalSection
	GlobalSection(SolutionProperties) = preSolution
		HideSolutionNode = FALSE
	EndGlobalSection
	GlobalSection(ExtensibilityGlobals) = postSolution
		SolutionGuid = {6B76816B-9563-48BE-895D-6A681D552CDD}
	EndGlobalSection
EndGlobal
